
Microsoft Visual Studio Solution File, Format Version 12.00
# Visual Studio Version 17
VisualStudioVersion = 17.9.34622.214
MinimumVisualStudioVersion = 10.0.40219.1
Project("{FAE04EC0-301F-11D3-BF4B-00C04F79EFBC}") = "Abarrotes", "Abarrotes\Abarrotes.csproj", "{396A08E1-EB8B-4AF3-A45F-671F0481C0C6}"
EndProject
Global
	GlobalSection(SolutionConfigurationPlatforms) = preSolution
		Debug|Any CPU = Debug|Any CPU
		Release|Any CPU = Release|Any CPU
	EndGlobalSection
	GlobalSection(ProjectConfigurationPlatforms) = postSolution
		{396A08E1-EB8B-4AF3-A45F-671F0481C0C6}.Debug|Any CPU.ActiveCfg = Debug|Any CPU
		{396A08E1-EB8B-4AF3-A45F-671F0481C0C6}.Debug|Any CPU.Build.0 = Debug|Any CPU
		{396A08E1-EB8B-4AF3-A45F-671F0481C0C6}.Release|Any CPU.ActiveCfg = Release|Any CPU
		{396A08E1-EB8B-4AF3-A45F-671F0481C0C6}.Release|Any CPU.Build.0 = Release|Any CPU
	EndGlobalSection
	GlobalSection(SolutionProperties) = preSolution
		HideSolutionNode = FALSE
	EndGlobalSection
	GlobalSection(ExtensibilityGlobals) = postSolution
		SolutionGuid = {42D01DDC-4913-4049-B357-4077E38BDD1B}
	EndGlobalSection
EndGlobal
